// !$*UTF8*$!
{
	archiveVersion = 1;
	classes = {
	};
	objectVersion = 51;
	objects = {

/* Begin PBXBuildFile section */
		6E457E152348BE1B00A3206F /* AppDelegate.swift in Sources */ = {isa = PBXBuildFile; fileRef = 6E457E142348BE1B00A3206F /* AppDelegate.swift */; };
		6E457E1C2348BE1E00A3206F /* Assets.xcassets in Resources */ = {isa = PBXBuildFile; fileRef = 6E457E1B2348BE1E00A3206F /* Assets.xcassets */; };
		6E457E1F2348BE1E00A3206F /* LaunchScreen.storyboard in Resources */ = {isa = PBXBuildFile; fileRef = 6E457E1D2348BE1E00A3206F /* LaunchScreen.storyboard */; };
		6E457E2E2348C25000A3206F /* AppError.swift in Sources */ = {isa = PBXBuildFile; fileRef = 6E457E2D2348C25000A3206F /* AppError.swift */; };
		6E457E302348C25A00A3206F /* Recipe.swift in Sources */ = {isa = PBXBuildFile; fileRef = 6E457E2F2348C25A00A3206F /* Recipe.swift */; };
		6E457E322348C26B00A3206F /* RecipeRepository.swift in Sources */ = {isa = PBXBuildFile; fileRef = 6E457E312348C26B00A3206F /* RecipeRepository.swift */; };
		6E457E422348E2A100A3206F /* RecipeEndpoints.swift in Sources */ = {isa = PBXBuildFile; fileRef = 6E457E402348E2A100A3206F /* RecipeEndpoints.swift */; };
		6E457E432348E2A100A3206F /* RemoteRecipeRepository.swift in Sources */ = {isa = PBXBuildFile; fileRef = 6E457E412348E2A100A3206F /* RemoteRecipeRepository.swift */; };
		6E457E472348E2D400A3206F /* RecipeAPI.swift in Sources */ = {isa = PBXBuildFile; fileRef = 6E457E462348E2D400A3206F /* RecipeAPI.swift */; };
		6E457E492348E2D900A3206F /* RecipeApiMapper.swift in Sources */ = {isa = PBXBuildFile; fileRef = 6E457E482348E2D900A3206F /* RecipeApiMapper.swift */; };
		6E457E4C2348E3CB00A3206F /* Endpoint.swift in Sources */ = {isa = PBXBuildFile; fileRef = 6E457E4B2348E3CB00A3206F /* Endpoint.swift */; };
		6E457E4E2348E3D100A3206F /* ApiClient.swift in Sources */ = {isa = PBXBuildFile; fileRef = 6E457E4D2348E3D100A3206F /* ApiClient.swift */; };
		6E457E522348E42000A3206F /* AppJsonDecoder.swift in Sources */ = {isa = PBXBuildFile; fileRef = 6E457E502348E42000A3206F /* AppJsonDecoder.swift */; };
		6E457E532348E42000A3206F /* AppDecoder.swift in Sources */ = {isa = PBXBuildFile; fileRef = 6E457E512348E42000A3206F /* AppDecoder.swift */; };
		6E9C59832348E7EF00402308 /* AlamofireApiClient.swift in Sources */ = {isa = PBXBuildFile; fileRef = 6E9C59822348E7EF00402308 /* AlamofireApiClient.swift */; };
		6EC6A3D92348F62800E38ADA /* AppConfig.swift in Sources */ = {isa = PBXBuildFile; fileRef = 6EC6A3D82348F62800E38ADA /* AppConfig.swift */; };
		6EC6A3DC2348F6A300E38ADA /* String+Plist.swift in Sources */ = {isa = PBXBuildFile; fileRef = 6EC6A3DB2348F6A300E38ADA /* String+Plist.swift */; };
		6EC6A3E22348FA8400E38ADA /* RecipesListViewController.swift in Sources */ = {isa = PBXBuildFile; fileRef = 6EC6A3E02348FA8400E38ADA /* RecipesListViewController.swift */; };
		6EC6A3E32348FA8400E38ADA /* RecipesListViewController.xib in Resources */ = {isa = PBXBuildFile; fileRef = 6EC6A3E12348FA8400E38ADA /* RecipesListViewController.xib */; };
		6EC6A3E62348FE9B00E38ADA /* Localizable.strings in Resources */ = {isa = PBXBuildFile; fileRef = 6EC6A3E82348FE9B00E38ADA /* Localizable.strings */; };
		6EC6A3EE2348FF5500E38ADA /* LocalizableString.swift in Sources */ = {isa = PBXBuildFile; fileRef = 6EC6A3ED2348FF5500E38ADA /* LocalizableString.swift */; };
		6EC6A3F3234902DD00E38ADA /* RecipeCell.swift in Sources */ = {isa = PBXBuildFile; fileRef = 6EC6A3F1234902DD00E38ADA /* RecipeCell.swift */; };
		6EC6A3F4234902DD00E38ADA /* RecipeCell.xib in Resources */ = {isa = PBXBuildFile; fileRef = 6EC6A3F2234902DD00E38ADA /* RecipeCell.xib */; };
		6EC6A3F62349364200E38ADA /* UIView+Identifier.swift in Sources */ = {isa = PBXBuildFile; fileRef = 6EC6A3F52349364200E38ADA /* UIView+Identifier.swift */; };
		6EC6A3F82349375100E38ADA /* RecipesListPresenter.swift in Sources */ = {isa = PBXBuildFile; fileRef = 6EC6A3F72349375100E38ADA /* RecipesListPresenter.swift */; };
		8A8FBE03FEF5E57D4F5EBD4D /* Pods_RecipeSearch.framework in Frameworks */ = {isa = PBXBuildFile; fileRef = BE501B176B438ECBE96B5708 /* Pods_RecipeSearch.framework */; };
/* End PBXBuildFile section */

/* Begin PBXFileReference section */
		6E457E112348BE1B00A3206F /* RecipeSearch.app */ = {isa = PBXFileReference; explicitFileType = wrapper.application; includeInIndex = 0; path = RecipeSearch.app; sourceTree = BUILT_PRODUCTS_DIR; };
		6E457E142348BE1B00A3206F /* AppDelegate.swift */ = {isa = PBXFileReference; lastKnownFileType = sourcecode.swift; path = AppDelegate.swift; sourceTree = "<group>"; };
		6E457E1B2348BE1E00A3206F /* Assets.xcassets */ = {isa = PBXFileReference; lastKnownFileType = folder.assetcatalog; path = Assets.xcassets; sourceTree = "<group>"; };
		6E457E202348BE1E00A3206F /* Info.plist */ = {isa = PBXFileReference; lastKnownFileType = text.plist.xml; path = Info.plist; sourceTree = "<group>"; };
		6E457E2D2348C25000A3206F /* AppError.swift */ = {isa = PBXFileReference; fileEncoding = 4; lastKnownFileType = sourcecode.swift; path = AppError.swift; sourceTree = "<group>"; };
		6E457E2F2348C25A00A3206F /* Recipe.swift */ = {isa = PBXFileReference; fileEncoding = 4; lastKnownFileType = sourcecode.swift; path = Recipe.swift; sourceTree = "<group>"; };
		6E457E312348C26B00A3206F /* RecipeRepository.swift */ = {isa = PBXFileReference; fileEncoding = 4; lastKnownFileType = sourcecode.swift; path = RecipeRepository.swift; sourceTree = "<group>"; };
		6E457E402348E2A100A3206F /* RecipeEndpoints.swift */ = {isa = PBXFileReference; fileEncoding = 4; lastKnownFileType = sourcecode.swift; path = RecipeEndpoints.swift; sourceTree = "<group>"; };
		6E457E412348E2A100A3206F /* RemoteRecipeRepository.swift */ = {isa = PBXFileReference; fileEncoding = 4; lastKnownFileType = sourcecode.swift; path = RemoteRecipeRepository.swift; sourceTree = "<group>"; };
		6E457E462348E2D400A3206F /* RecipeAPI.swift */ = {isa = PBXFileReference; fileEncoding = 4; lastKnownFileType = sourcecode.swift; path = RecipeAPI.swift; sourceTree = "<group>"; };
		6E457E482348E2D900A3206F /* RecipeApiMapper.swift */ = {isa = PBXFileReference; fileEncoding = 4; lastKnownFileType = sourcecode.swift; path = RecipeApiMapper.swift; sourceTree = "<group>"; };
		6E457E4B2348E3CB00A3206F /* Endpoint.swift */ = {isa = PBXFileReference; fileEncoding = 4; lastKnownFileType = sourcecode.swift; path = Endpoint.swift; sourceTree = "<group>"; };
		6E457E4D2348E3D100A3206F /* ApiClient.swift */ = {isa = PBXFileReference; fileEncoding = 4; lastKnownFileType = sourcecode.swift; path = ApiClient.swift; sourceTree = "<group>"; };
		6E457E502348E42000A3206F /* AppJsonDecoder.swift */ = {isa = PBXFileReference; fileEncoding = 4; lastKnownFileType = sourcecode.swift; path = AppJsonDecoder.swift; sourceTree = "<group>"; };
		6E457E512348E42000A3206F /* AppDecoder.swift */ = {isa = PBXFileReference; fileEncoding = 4; lastKnownFileType = sourcecode.swift; path = AppDecoder.swift; sourceTree = "<group>"; };
		6E9C59822348E7EF00402308 /* AlamofireApiClient.swift */ = {isa = PBXFileReference; lastKnownFileType = sourcecode.swift; path = AlamofireApiClient.swift; sourceTree = "<group>"; };
		6EC6A3D82348F62800E38ADA /* AppConfig.swift */ = {isa = PBXFileReference; lastKnownFileType = sourcecode.swift; path = AppConfig.swift; sourceTree = "<group>"; };
		6EC6A3DB2348F6A300E38ADA /* String+Plist.swift */ = {isa = PBXFileReference; lastKnownFileType = sourcecode.swift; path = "String+Plist.swift"; sourceTree = "<group>"; };
		6EC6A3E02348FA8400E38ADA /* RecipesListViewController.swift */ = {isa = PBXFileReference; lastKnownFileType = sourcecode.swift; path = RecipesListViewController.swift; sourceTree = "<group>"; };
		6EC6A3E12348FA8400E38ADA /* RecipesListViewController.xib */ = {isa = PBXFileReference; lastKnownFileType = file.xib; path = RecipesListViewController.xib; sourceTree = "<group>"; };
		6EC6A3E72348FE9B00E38ADA /* en */ = {isa = PBXFileReference; lastKnownFileType = text.plist.strings; name = en; path = en.lproj/Localizable.strings; sourceTree = "<group>"; };
		6EC6A3E92348FECE00E38ADA /* es */ = {isa = PBXFileReference; lastKnownFileType = text.plist.strings; name = es; path = es.lproj/Localizable.strings; sourceTree = "<group>"; };
		6EC6A3EB2348FEE200E38ADA /* Base */ = {isa = PBXFileReference; lastKnownFileType = file.storyboard; name = Base; path = Base.lproj/LaunchScreen.storyboard; sourceTree = "<group>"; };
		6EC6A3ED2348FF5500E38ADA /* LocalizableString.swift */ = {isa = PBXFileReference; lastKnownFileType = sourcecode.swift; path = LocalizableString.swift; sourceTree = "<group>"; };
		6EC6A3F1234902DD00E38ADA /* RecipeCell.swift */ = {isa = PBXFileReference; lastKnownFileType = sourcecode.swift; path = RecipeCell.swift; sourceTree = "<group>"; };
		6EC6A3F2234902DD00E38ADA /* RecipeCell.xib */ = {isa = PBXFileReference; lastKnownFileType = file.xib; path = RecipeCell.xib; sourceTree = "<group>"; };
		6EC6A3F52349364200E38ADA /* UIView+Identifier.swift */ = {isa = PBXFileReference; lastKnownFileType = sourcecode.swift; path = "UIView+Identifier.swift"; sourceTree = "<group>"; };
		6EC6A3F72349375100E38ADA /* RecipesListPresenter.swift */ = {isa = PBXFileReference; lastKnownFileType = sourcecode.swift; path = RecipesListPresenter.swift; sourceTree = "<group>"; };
		A6A6CB5E1976D6F92673CD18 /* Pods-RecipeSearch.release.xcconfig */ = {isa = PBXFileReference; includeInIndex = 1; lastKnownFileType = text.xcconfig; name = "Pods-RecipeSearch.release.xcconfig"; path = "Target Support Files/Pods-RecipeSearch/Pods-RecipeSearch.release.xcconfig"; sourceTree = "<group>"; };
		BE501B176B438ECBE96B5708 /* Pods_RecipeSearch.framework */ = {isa = PBXFileReference; explicitFileType = wrapper.framework; includeInIndex = 0; path = Pods_RecipeSearch.framework; sourceTree = BUILT_PRODUCTS_DIR; };
		D3CC938AE1D61AC45F035CF6 /* Pods-RecipeSearch.debug.xcconfig */ = {isa = PBXFileReference; includeInIndex = 1; lastKnownFileType = text.xcconfig; name = "Pods-RecipeSearch.debug.xcconfig"; path = "Target Support Files/Pods-RecipeSearch/Pods-RecipeSearch.debug.xcconfig"; sourceTree = "<group>"; };
/* End PBXFileReference section */

/* Begin PBXFrameworksBuildPhase section */
		6E457E0E2348BE1B00A3206F /* Frameworks */ = {
			isa = PBXFrameworksBuildPhase;
			buildActionMask = 2147483647;
			files = (
				8A8FBE03FEF5E57D4F5EBD4D /* Pods_RecipeSearch.framework in Frameworks */,
			);
			runOnlyForDeploymentPostprocessing = 0;
		};
/* End PBXFrameworksBuildPhase section */

/* Begin PBXGroup section */
		181E69D09547AE91722FC696 /* Pods */ = {
			isa = PBXGroup;
			children = (
				D3CC938AE1D61AC45F035CF6 /* Pods-RecipeSearch.debug.xcconfig */,
				A6A6CB5E1976D6F92673CD18 /* Pods-RecipeSearch.release.xcconfig */,
			);
			path = Pods;
			sourceTree = "<group>";
		};
		6E457E082348BE1B00A3206F = {
			isa = PBXGroup;
			children = (
				6E457E132348BE1B00A3206F /* RecipeSearch */,
				6E457E122348BE1B00A3206F /* Products */,
				181E69D09547AE91722FC696 /* Pods */,
				E82F9ECBD4AB61FB718A7941 /* Frameworks */,
			);
			sourceTree = "<group>";
		};
		6E457E122348BE1B00A3206F /* Products */ = {
			isa = PBXGroup;
			children = (
				6E457E112348BE1B00A3206F /* RecipeSearch.app */,
			);
			name = Products;
			sourceTree = "<group>";
		};
		6E457E132348BE1B00A3206F /* RecipeSearch */ = {
			isa = PBXGroup;
			children = (
				6E457E282348C21800A3206F /* Source */,
				6E457E272348BE6200A3206F /* Resources */,
				6E457E262348BE4D00A3206F /* SupportingFiles */,
			);
			path = RecipeSearch;
			sourceTree = "<group>";
		};
		6E457E262348BE4D00A3206F /* SupportingFiles */ = {
			isa = PBXGroup;
			children = (
				6E457E202348BE1E00A3206F /* Info.plist */,
			);
			path = SupportingFiles;
			sourceTree = "<group>";
		};
		6E457E272348BE6200A3206F /* Resources */ = {
			isa = PBXGroup;
			children = (
				6E457E1B2348BE1E00A3206F /* Assets.xcassets */,
			);
			path = Resources;
			sourceTree = "<group>";
		};
		6E457E282348C21800A3206F /* Source */ = {
			isa = PBXGroup;
			children = (
				6EC6A3D72348F61D00E38ADA /* Presentation */,
				6E457E3C2348E26500A3206F /* Data */,
				6E457E292348C22000A3206F /* Domain */,
			);
			path = Source;
			sourceTree = "<group>";
		};
		6E457E292348C22000A3206F /* Domain */ = {
			isa = PBXGroup;
			children = (
				6E457E2C2348C23E00A3206F /* Repositories */,
				6E457E2B2348C23900A3206F /* Models */,
				6E457E2A2348C23200A3206F /* Errors */,
			);
			path = Domain;
			sourceTree = "<group>";
		};
		6E457E2A2348C23200A3206F /* Errors */ = {
			isa = PBXGroup;
			children = (
				6E457E2D2348C25000A3206F /* AppError.swift */,
			);
			path = Errors;
			sourceTree = "<group>";
		};
		6E457E2B2348C23900A3206F /* Models */ = {
			isa = PBXGroup;
			children = (
				6E457E2F2348C25A00A3206F /* Recipe.swift */,
			);
			path = Models;
			sourceTree = "<group>";
		};
		6E457E2C2348C23E00A3206F /* Repositories */ = {
			isa = PBXGroup;
			children = (
				6E457E312348C26B00A3206F /* RecipeRepository.swift */,
			);
			path = Repositories;
			sourceTree = "<group>";
		};
		6E457E3C2348E26500A3206F /* Data */ = {
			isa = PBXGroup;
			children = (
				6E457E4F2348E40400A3206F /* Decoding */,
				6E457E4A2348E32600A3206F /* Network */,
				6E457E3D2348E26C00A3206F /* Repositories */,
			);
			path = Data;
			sourceTree = "<group>";
		};
		6E457E3D2348E26C00A3206F /* Repositories */ = {
			isa = PBXGroup;
			children = (
				6E457E3E2348E28B00A3206F /* Recipe */,
			);
			path = Repositories;
			sourceTree = "<group>";
		};
		6E457E3E2348E28B00A3206F /* Recipe */ = {
			isa = PBXGroup;
			children = (
				6E457E3F2348E29600A3206F /* Remote */,
			);
			path = Recipe;
			sourceTree = "<group>";
		};
		6E457E3F2348E29600A3206F /* Remote */ = {
			isa = PBXGroup;
			children = (
				6E457E402348E2A100A3206F /* RecipeEndpoints.swift */,
				6E457E412348E2A100A3206F /* RemoteRecipeRepository.swift */,
				6E457E442348E2C300A3206F /* Models */,
				6E457E452348E2C800A3206F /* Mappers */,
			);
			path = Remote;
			sourceTree = "<group>";
		};
		6E457E442348E2C300A3206F /* Models */ = {
			isa = PBXGroup;
			children = (
				6E457E462348E2D400A3206F /* RecipeAPI.swift */,
			);
			path = Models;
			sourceTree = "<group>";
		};
		6E457E452348E2C800A3206F /* Mappers */ = {
			isa = PBXGroup;
			children = (
				6E457E482348E2D900A3206F /* RecipeApiMapper.swift */,
			);
			path = Mappers;
			sourceTree = "<group>";
		};
		6E457E4A2348E32600A3206F /* Network */ = {
			isa = PBXGroup;
			children = (
				6E457E4B2348E3CB00A3206F /* Endpoint.swift */,
				6E457E4D2348E3D100A3206F /* ApiClient.swift */,
				6E9C59812348E7DE00402308 /* Alamofire */,
			);
			path = Network;
			sourceTree = "<group>";
		};
		6E457E4F2348E40400A3206F /* Decoding */ = {
			isa = PBXGroup;
			children = (
				6E457E512348E42000A3206F /* AppDecoder.swift */,
				6E457E502348E42000A3206F /* AppJsonDecoder.swift */,
			);
			path = Decoding;
			sourceTree = "<group>";
		};
		6E9C59812348E7DE00402308 /* Alamofire */ = {
			isa = PBXGroup;
			children = (
				6E9C59822348E7EF00402308 /* AlamofireApiClient.swift */,
			);
			path = Alamofire;
			sourceTree = "<group>";
		};
		6EC6A3D72348F61D00E38ADA /* Presentation */ = {
			isa = PBXGroup;
			children = (
				6E457E142348BE1B00A3206F /* AppDelegate.swift */,
				6EC6A3DD2348F9E000E38ADA /* Launch */,
				6EC6A3DF2348FA5F00E38ADA /* Screens */,
				6EC6A3DE2348F9F300E38ADA /* Config */,
				6EC6A3DA2348F69600E38ADA /* Extensions */,
			);
			path = Presentation;
			sourceTree = "<group>";
		};
		6EC6A3DA2348F69600E38ADA /* Extensions */ = {
			isa = PBXGroup;
			children = (
				6EC6A3DB2348F6A300E38ADA /* String+Plist.swift */,
				6EC6A3F52349364200E38ADA /* UIView+Identifier.swift */,
			);
			path = Extensions;
			sourceTree = "<group>";
		};
		6EC6A3DD2348F9E000E38ADA /* Launch */ = {
			isa = PBXGroup;
			children = (
				6E457E1D2348BE1E00A3206F /* LaunchScreen.storyboard */,
			);
			path = Launch;
			sourceTree = "<group>";
		};
		6EC6A3DE2348F9F300E38ADA /* Config */ = {
			isa = PBXGroup;
			children = (
				6EC6A3D82348F62800E38ADA /* AppConfig.swift */,
				6EC6A3EC2348FF3D00E38ADA /* Localization */,
			);
			path = Config;
			sourceTree = "<group>";
		};
		6EC6A3DF2348FA5F00E38ADA /* Screens */ = {
			isa = PBXGroup;
			children = (
				6EC6A3F0234902BB00E38ADA /* RecipesList */,
			);
			path = Screens;
			sourceTree = "<group>";
		};
		6EC6A3EC2348FF3D00E38ADA /* Localization */ = {
			isa = PBXGroup;
			children = (
				6EC6A3ED2348FF5500E38ADA /* LocalizableString.swift */,
				6EC6A3E82348FE9B00E38ADA /* Localizable.strings */,
			);
			path = Localization;
			sourceTree = "<group>";
		};
		6EC6A3F0234902BB00E38ADA /* RecipesList */ = {
			isa = PBXGroup;
			children = (
				6EC6A3E02348FA8400E38ADA /* RecipesListViewController.swift */,
				6EC6A3E12348FA8400E38ADA /* RecipesListViewController.xib */,
				6EC6A3F72349375100E38ADA /* RecipesListPresenter.swift */,
				6EC6A3F1234902DD00E38ADA /* RecipeCell.swift */,
				6EC6A3F2234902DD00E38ADA /* RecipeCell.xib */,
			);
			path = RecipesList;
			sourceTree = "<group>";
		};
		E82F9ECBD4AB61FB718A7941 /* Frameworks */ = {
			isa = PBXGroup;
			children = (
				BE501B176B438ECBE96B5708 /* Pods_RecipeSearch.framework */,
			);
			name = Frameworks;
			sourceTree = "<group>";
		};
/* End PBXGroup section */

/* Begin PBXNativeTarget section */
		6E457E102348BE1B00A3206F /* RecipeSearch */ = {
			isa = PBXNativeTarget;
			buildConfigurationList = 6E457E232348BE1E00A3206F /* Build configuration list for PBXNativeTarget "RecipeSearch" */;
			buildPhases = (
				A20B4243438D40E002EEBBC6 /* [CP] Check Pods Manifest.lock */,
				6E457E0D2348BE1B00A3206F /* Sources */,
				6E457E0E2348BE1B00A3206F /* Frameworks */,
				6E457E0F2348BE1B00A3206F /* Resources */,
				49064AF983DDB9C0F317E64F /* [CP] Embed Pods Frameworks */,
			);
			buildRules = (
			);
			dependencies = (
			);
			name = RecipeSearch;
			productName = RecipeSearch;
			productReference = 6E457E112348BE1B00A3206F /* RecipeSearch.app */;
			productType = "com.apple.product-type.application";
		};
/* End PBXNativeTarget section */

/* Begin PBXProject section */
		6E457E092348BE1B00A3206F /* Project object */ = {
			isa = PBXProject;
			attributes = {
				LastSwiftUpdateCheck = 1030;
				LastUpgradeCheck = 1030;
				ORGANIZATIONNAME = "Pablo Sanchez";
				TargetAttributes = {
					6E457E102348BE1B00A3206F = {
						CreatedOnToolsVersion = 10.3;
					};
				};
			};
			buildConfigurationList = 6E457E0C2348BE1B00A3206F /* Build configuration list for PBXProject "RecipeSearch" */;
			compatibilityVersion = "Xcode 9.3";
			developmentRegion = en;
			hasScannedForEncodings = 0;
			knownRegions = (
				en,
				Base,
				es,
			);
			mainGroup = 6E457E082348BE1B00A3206F;
			productRefGroup = 6E457E122348BE1B00A3206F /* Products */;
			projectDirPath = "";
			projectRoot = "";
			targets = (
				6E457E102348BE1B00A3206F /* RecipeSearch */,
			);
		};
/* End PBXProject section */

/* Begin PBXResourcesBuildPhase section */
		6E457E0F2348BE1B00A3206F /* Resources */ = {
			isa = PBXResourcesBuildPhase;
			buildActionMask = 2147483647;
			files = (
				6E457E1F2348BE1E00A3206F /* LaunchScreen.storyboard in Resources */,
				6EC6A3E62348FE9B00E38ADA /* Localizable.strings in Resources */,
				6EC6A3F4234902DD00E38ADA /* RecipeCell.xib in Resources */,
				6EC6A3E32348FA8400E38ADA /* RecipesListViewController.xib in Resources */,
				6E457E1C2348BE1E00A3206F /* Assets.xcassets in Resources */,
			);
			runOnlyForDeploymentPostprocessing = 0;
		};
/* End PBXResourcesBuildPhase section */

/* Begin PBXShellScriptBuildPhase section */
		49064AF983DDB9C0F317E64F /* [CP] Embed Pods Frameworks */ = {
			isa = PBXShellScriptBuildPhase;
			buildActionMask = 2147483647;
			files = (
			);
			inputFileListPaths = (
				"${PODS_ROOT}/Target Support Files/Pods-RecipeSearch/Pods-RecipeSearch-frameworks-${CONFIGURATION}-input-files.xcfilelist",
			);
			name = "[CP] Embed Pods Frameworks";
			outputFileListPaths = (
				"${PODS_ROOT}/Target Support Files/Pods-RecipeSearch/Pods-RecipeSearch-frameworks-${CONFIGURATION}-output-files.xcfilelist",
			);
			runOnlyForDeploymentPostprocessing = 0;
			shellPath = /bin/sh;
			shellScript = "\"${PODS_ROOT}/Target Support Files/Pods-RecipeSearch/Pods-RecipeSearch-frameworks.sh\"\n";
			showEnvVarsInLog = 0;
		};
		A20B4243438D40E002EEBBC6 /* [CP] Check Pods Manifest.lock */ = {
			isa = PBXShellScriptBuildPhase;
			buildActionMask = 2147483647;
			files = (
			);
			inputFileListPaths = (
			);
			inputPaths = (
				"${PODS_PODFILE_DIR_PATH}/Podfile.lock",
				"${PODS_ROOT}/Manifest.lock",
			);
			name = "[CP] Check Pods Manifest.lock";
			outputFileListPaths = (
			);
			outputPaths = (
				"$(DERIVED_FILE_DIR)/Pods-RecipeSearch-checkManifestLockResult.txt",
			);
			runOnlyForDeploymentPostprocessing = 0;
			shellPath = /bin/sh;
			shellScript = "diff \"${PODS_PODFILE_DIR_PATH}/Podfile.lock\" \"${PODS_ROOT}/Manifest.lock\" > /dev/null\nif [ $? != 0 ] ; then\n    # print error to STDERR\n    echo \"error: The sandbox is not in sync with the Podfile.lock. Run 'pod install' or update your CocoaPods installation.\" >&2\n    exit 1\nfi\n# This output is used by Xcode 'outputs' to avoid re-running this script phase.\necho \"SUCCESS\" > \"${SCRIPT_OUTPUT_FILE_0}\"\n";
			showEnvVarsInLog = 0;
		};
/* End PBXShellScriptBuildPhase section */

/* Begin PBXSourcesBuildPhase section */
		6E457E0D2348BE1B00A3206F /* Sources */ = {
			isa = PBXSourcesBuildPhase;
			buildActionMask = 2147483647;
			files = (
				6EC6A3E22348FA8400E38ADA /* RecipesListViewController.swift in Sources */,
				6E457E302348C25A00A3206F /* Recipe.swift in Sources */,
				6E457E522348E42000A3206F /* AppJsonDecoder.swift in Sources */,
				6EC6A3F3234902DD00E38ADA /* RecipeCell.swift in Sources */,
				6E457E4C2348E3CB00A3206F /* Endpoint.swift in Sources */,
				6EC6A3D92348F62800E38ADA /* AppConfig.swift in Sources */,
				6EC6A3EE2348FF5500E38ADA /* LocalizableString.swift in Sources */,
				6E457E322348C26B00A3206F /* RecipeRepository.swift in Sources */,
				6E457E422348E2A100A3206F /* RecipeEndpoints.swift in Sources */,
				6E457E432348E2A100A3206F /* RemoteRecipeRepository.swift in Sources */,
				6E457E532348E42000A3206F /* AppDecoder.swift in Sources */,
				6EC6A3DC2348F6A300E38ADA /* String+Plist.swift in Sources */,
				6EC6A3F62349364200E38ADA /* UIView+Identifier.swift in Sources */,
				6E457E2E2348C25000A3206F /* AppError.swift in Sources */,
				6E9C59832348E7EF00402308 /* AlamofireApiClient.swift in Sources */,
				6E457E152348BE1B00A3206F /* AppDelegate.swift in Sources */,
				6EC6A3F82349375100E38ADA /* RecipesListPresenter.swift in Sources */,
				6E457E472348E2D400A3206F /* RecipeAPI.swift in Sources */,
				6E457E492348E2D900A3206F /* RecipeApiMapper.swift in Sources */,
				6E457E4E2348E3D100A3206F /* ApiClient.swift in Sources */,
			);
			runOnlyForDeploymentPostprocessing = 0;
		};
/* End PBXSourcesBuildPhase section */

/* Begin PBXVariantGroup section */
		6E457E1D2348BE1E00A3206F /* LaunchScreen.storyboard */ = {
			isa = PBXVariantGroup;
			children = (
				6EC6A3EB2348FEE200E38ADA /* Base */,
			);
			name = LaunchScreen.storyboard;
			sourceTree = "<group>";
		};
		6EC6A3E82348FE9B00E38ADA /* Localizable.strings */ = {
			isa = PBXVariantGroup;
			children = (
				6EC6A3E72348FE9B00E38ADA /* en */,
				6EC6A3E92348FECE00E38ADA /* es */,
			);
			name = Localizable.strings;
			sourceTree = "<group>";
		};
/* End PBXVariantGroup section */

/* Begin XCBuildConfiguration section */
		6E457E212348BE1E00A3206F /* Debug */ = {
			isa = XCBuildConfiguration;
			buildSettings = {
				ALWAYS_SEARCH_USER_PATHS = NO;
				CLANG_ANALYZER_LOCALIZABILITY_NONLOCALIZED = YES;
				CLANG_ANALYZER_NONNULL = YES;
				CLANG_ANALYZER_NUMBER_OBJECT_CONVERSION = YES_AGGRESSIVE;
				CLANG_CXX_LANGUAGE_STANDARD = "gnu++14";
				CLANG_CXX_LIBRARY = "libc++";
				CLANG_ENABLE_MODULES = YES;
				CLANG_ENABLE_OBJC_ARC = YES;
				CLANG_ENABLE_OBJC_WEAK = YES;
				CLANG_WARN_BLOCK_CAPTURE_AUTORELEASING = YES;
				CLANG_WARN_BOOL_CONVERSION = YES;
				CLANG_WARN_COMMA = YES;
				CLANG_WARN_CONSTANT_CONVERSION = YES;
				CLANG_WARN_DEPRECATED_OBJC_IMPLEMENTATIONS = YES;
				CLANG_WARN_DIRECT_OBJC_ISA_USAGE = YES_ERROR;
				CLANG_WARN_DOCUMENTATION_COMMENTS = YES;
				CLANG_WARN_EMPTY_BODY = YES;
				CLANG_WARN_ENUM_CONVERSION = YES;
				CLANG_WARN_INFINITE_RECURSION = YES;
				CLANG_WARN_INT_CONVERSION = YES;
				CLANG_WARN_NON_LITERAL_NULL_CONVERSION = YES;
				CLANG_WARN_OBJC_IMPLICIT_RETAIN_SELF = YES;
				CLANG_WARN_OBJC_LITERAL_CONVERSION = YES;
				CLANG_WARN_OBJC_ROOT_CLASS = YES_ERROR;
				CLANG_WARN_RANGE_LOOP_ANALYSIS = YES;
				CLANG_WARN_STRICT_PROTOTYPES = YES;
				CLANG_WARN_SUSPICIOUS_MOVE = YES;
				CLANG_WARN_UNGUARDED_AVAILABILITY = YES_AGGRESSIVE;
				CLANG_WARN_UNREACHABLE_CODE = YES;
				CLANG_WARN__DUPLICATE_METHOD_MATCH = YES;
				CODE_SIGN_IDENTITY = "iPhone Developer";
				COPY_PHASE_STRIP = NO;
				DEBUG_INFORMATION_FORMAT = dwarf;
				ENABLE_STRICT_OBJC_MSGSEND = YES;
				ENABLE_TESTABILITY = YES;
				GCC_C_LANGUAGE_STANDARD = gnu11;
				GCC_DYNAMIC_NO_PIC = NO;
				GCC_NO_COMMON_BLOCKS = YES;
				GCC_OPTIMIZATION_LEVEL = 0;
				GCC_PREPROCESSOR_DEFINITIONS = (
					"DEBUG=1",
					"$(inherited)",
				);
				GCC_WARN_64_TO_32_BIT_CONVERSION = YES;
				GCC_WARN_ABOUT_RETURN_TYPE = YES_ERROR;
				GCC_WARN_UNDECLARED_SELECTOR = YES;
				GCC_WARN_UNINITIALIZED_AUTOS = YES_AGGRESSIVE;
				GCC_WARN_UNUSED_FUNCTION = YES;
				GCC_WARN_UNUSED_VARIABLE = YES;
				IPHONEOS_DEPLOYMENT_TARGET = 12.4;
				MTL_ENABLE_DEBUG_INFO = INCLUDE_SOURCE;
				MTL_FAST_MATH = YES;
				ONLY_ACTIVE_ARCH = YES;
				SDKROOT = iphoneos;
				SWIFT_ACTIVE_COMPILATION_CONDITIONS = DEBUG;
				SWIFT_OPTIMIZATION_LEVEL = "-Onone";
			};
			name = Debug;
		};
		6E457E222348BE1E00A3206F /* Release */ = {
			isa = XCBuildConfiguration;
			buildSettings = {
				ALWAYS_SEARCH_USER_PATHS = NO;
				CLANG_ANALYZER_LOCALIZABILITY_NONLOCALIZED = YES;
				CLANG_ANALYZER_NONNULL = YES;
				CLANG_ANALYZER_NUMBER_OBJECT_CONVERSION = YES_AGGRESSIVE;
				CLANG_CXX_LANGUAGE_STANDARD = "gnu++14";
				CLANG_CXX_LIBRARY = "libc++";
				CLANG_ENABLE_MODULES = YES;
				CLANG_ENABLE_OBJC_ARC = YES;
				CLANG_ENABLE_OBJC_WEAK = YES;
				CLANG_WARN_BLOCK_CAPTURE_AUTORELEASING = YES;
				CLANG_WARN_BOOL_CONVERSION = YES;
				CLANG_WARN_COMMA = YES;
				CLANG_WARN_CONSTANT_CONVERSION = YES;
				CLANG_WARN_DEPRECATED_OBJC_IMPLEMENTATIONS = YES;
				CLANG_WARN_DIRECT_OBJC_ISA_USAGE = YES_ERROR;
				CLANG_WARN_DOCUMENTATION_COMMENTS = YES;
				CLANG_WARN_EMPTY_BODY = YES;
				CLANG_WARN_ENUM_CONVERSION = YES;
				CLANG_WARN_INFINITE_RECURSION = YES;
				CLANG_WARN_INT_CONVERSION = YES;
				CLANG_WARN_NON_LITERAL_NULL_CONVERSION = YES;
				CLANG_WARN_OBJC_IMPLICIT_RETAIN_SELF = YES;
				CLANG_WARN_OBJC_LITERAL_CONVERSION = YES;
				CLANG_WARN_OBJC_ROOT_CLASS = YES_ERROR;
				CLANG_WARN_RANGE_LOOP_ANALYSIS = YES;
				CLANG_WARN_STRICT_PROTOTYPES = YES;
				CLANG_WARN_SUSPICIOUS_MOVE = YES;
				CLANG_WARN_UNGUARDED_AVAILABILITY = YES_AGGRESSIVE;
				CLANG_WARN_UNREACHABLE_CODE = YES;
				CLANG_WARN__DUPLICATE_METHOD_MATCH = YES;
				CODE_SIGN_IDENTITY = "iPhone Developer";
				COPY_PHASE_STRIP = NO;
				DEBUG_INFORMATION_FORMAT = "dwarf-with-dsym";
				ENABLE_NS_ASSERTIONS = NO;
				ENABLE_STRICT_OBJC_MSGSEND = YES;
				GCC_C_LANGUAGE_STANDARD = gnu11;
				GCC_NO_COMMON_BLOCKS = YES;
				GCC_WARN_64_TO_32_BIT_CONVERSION = YES;
				GCC_WARN_ABOUT_RETURN_TYPE = YES_ERROR;
				GCC_WARN_UNDECLARED_SELECTOR = YES;
				GCC_WARN_UNINITIALIZED_AUTOS = YES_AGGRESSIVE;
				GCC_WARN_UNUSED_FUNCTION = YES;
				GCC_WARN_UNUSED_VARIABLE = YES;
				IPHONEOS_DEPLOYMENT_TARGET = 12.4;
				MTL_ENABLE_DEBUG_INFO = NO;
				MTL_FAST_MATH = YES;
				SDKROOT = iphoneos;
				SWIFT_COMPILATION_MODE = wholemodule;
				SWIFT_OPTIMIZATION_LEVEL = "-O";
				VALIDATE_PRODUCT = YES;
			};
			name = Release;
		};
		6E457E242348BE1E00A3206F /* Debug */ = {
			isa = XCBuildConfiguration;
			baseConfigurationReference = D3CC938AE1D61AC45F035CF6 /* Pods-RecipeSearch.debug.xcconfig */;
			buildSettings = {
				ASSETCATALOG_COMPILER_APPICON_NAME = AppIcon;
				CODE_SIGN_STYLE = Automatic;
				DEVELOPMENT_TEAM = DNU96T24MS;
				INFOPLIST_FILE = RecipeSearch/SupportingFiles/Info.plist;
				IPHONEOS_DEPLOYMENT_TARGET = 11.0;
				LD_RUNPATH_SEARCH_PATHS = (
					"$(inherited)",
					"@executable_path/Frameworks",
				);
				PRODUCT_BUNDLE_IDENTIFIER = com.pablosanchez.RecipeSearch;
				PRODUCT_NAME = "$(TARGET_NAME)";
				SWIFT_VERSION = 5.0;
				TARGETED_DEVICE_FAMILY = 1;
			};
			name = Debug;
		};
		6E457E252348BE1E00A3206F /* Release */ = {
			isa = XCBuildConfiguration;
			baseConfigurationReference = A6A6CB5E1976D6F92673CD18 /* Pods-RecipeSearch.release.xcconfig */;
			buildSettings = {
				ASSETCATALOG_COMPILER_APPICON_NAME = AppIcon;
				CODE_SIGN_STYLE = Automatic;
				DEVELOPMENT_TEAM = DNU96T24MS;
				INFOPLIST_FILE = RecipeSearch/SupportingFiles/Info.plist;
				IPHONEOS_DEPLOYMENT_TARGET = 11.0;
				LD_RUNPATH_SEARCH_PATHS = (
					"$(inherited)",
					"@executable_path/Frameworks",
				);
				PRODUCT_BUNDLE_IDENTIFIER = com.pablosanchez.RecipeSearch;
				PRODUCT_NAME = "$(TARGET_NAME)";
				SWIFT_VERSION = 5.0;
				TARGETED_DEVICE_FAMILY = 1;
			};
			name = Release;
		};
/* End XCBuildConfiguration section */

/* Begin XCConfigurationList section */
		6E457E0C2348BE1B00A3206F /* Build configuration list for PBXProject "RecipeSearch" */ = {
			isa = XCConfigurationList;
			buildConfigurations = (
				6E457E212348BE1E00A3206F /* Debug */,
				6E457E222348BE1E00A3206F /* Release */,
			);
			defaultConfigurationIsVisible = 0;
			defaultConfigurationName = Release;
		};
		6E457E232348BE1E00A3206F /* Build configuration list for PBXNativeTarget "RecipeSearch" */ = {
			isa = XCConfigurationList;
			buildConfigurations = (
				6E457E242348BE1E00A3206F /* Debug */,
				6E457E252348BE1E00A3206F /* Release */,
			);
			defaultConfigurationIsVisible = 0;
			defaultConfigurationName = Release;
		};
/* End XCConfigurationList section */
	};
	rootObject = 6E457E092348BE1B00A3206F /* Project object */;
}
